{
  "name": "fexfetch",
  "version": "1.0.7",
  "lockfileVersion": 2,
  "requires": true,
  "packages": {
    "": {
      "version": "1.0.7",
      "license": "MIT",
      "dependencies": {
        "fexfetch": "^1.0.7",
        "humanize-duration": "^3.27.0"
      },
      "bin": {
        "fexfetch": "bin/index.js"
      }
    },
    "node_modules/fexfetch": {
      "version": "1.0.7",
      "resolved": "https://registry.npmjs.org/fexfetch/-/fexfetch-1.0.7.tgz",
      "integrity": "sha512-D+EKaGvjoOz2UYJkxqDrdMy8qOQYYEuJYHIWIEpuL2SgCLWkKId2rMeif+VccDjJA28F6Uero/TlNqmiVdtjdA==",
      "dependencies": {
        "humanize-duration": "^3.27.0"
      },
      "bin": {
        "fexfetch": "bin/index.js"
      }
    },
    "node_modules/humanize-duration": {
      "version": "3.27.0",
      "resolved": "https://registry.npmjs.org/humanize-duration/-/humanize-duration-3.27.0.tgz",
      "integrity": "sha512-qLo/08cNc3Tb0uD7jK0jAcU5cnqCM0n568918E7R2XhMr/+7F37p4EY062W/stg7tmzvknNn9b/1+UhVRzsYrQ=="
    }
  },
  "dependencies": {
    "fexfetch": {
      "version": "1.0.7",
      "resolved": "https://registry.npmjs.org/fexfetch/-/fexfetch-1.0.7.tgz",
      "integrity": "sha512-D+EKaGvjoOz2UYJkxqDrdMy8qOQYYEuJYHIWIEpuL2SgCLWkKId2rMeif+VccDjJA28F6Uero/TlNqmiVdtjdA==",
      "requires": {
        "humanize-duration": "^3.27.0"
      }
    },
    "humanize-duration": {
      "version": "3.27.0",
      "resolved": "https://registry.npmjs.org/humanize-duration/-/humanize-duration-3.27.0.tgz",
      "integrity": "sha512-qLo/08cNc3Tb0uD7jK0jAcU5cnqCM0n568918E7R2XhMr/+7F37p4EY062W/stg7tmzvknNn9b/1+UhVRzsYrQ=="
    }
  }
}
